
Microsoft Visual Studio Solution File, Format Version 12.00
# Visual Studio Version 16
VisualStudioVersion = 16.0.29519.87
MinimumVisualStudioVersion = 10.0.40219.1
Project("{FAE04EC0-301F-11D3-BF4B-00C04F79EFBC}") = "MVCGroupProject", "MVCGroupProject\MVCGroupProject.csproj", "{F296FC14-D409-426D-AE2F-BD3AA1558298}"
EndProject
Global
	GlobalSection(SolutionConfigurationPlatforms) = preSolution
		Debug|Any CPU = Debug|Any CPU
		Release|Any CPU = Release|Any CPU
	EndGlobalSection
	GlobalSection(ProjectConfigurationPlatforms) = postSolution
		{F296FC14-D409-426D-AE2F-BD3AA1558298}.Debug|Any CPU.ActiveCfg = Debug|Any CPU
		{F296FC14-D409-426D-AE2F-BD3AA1558298}.Debug|Any CPU.Build.0 = Debug|Any CPU
		{F296FC14-D409-426D-AE2F-BD3AA1558298}.Release|Any CPU.ActiveCfg = Release|Any CPU
		{F296FC14-D409-426D-AE2F-BD3AA1558298}.Release|Any CPU.Build.0 = Release|Any CPU
	EndGlobalSection
	GlobalSection(SolutionProperties) = preSolution
		HideSolutionNode = FALSE
	EndGlobalSection
	GlobalSection(ExtensibilityGlobals) = postSolution
		SolutionGuid = {4AD4BFD7-DF9F-4A9A-B48C-6668A3352B03}
	EndGlobalSection
EndGlobal
